
Microsoft Visual Studio Solution File, Format Version 12.00
# Visual Studio Version 17
VisualStudioVersion = 17.1.32421.90
MinimumVisualStudioVersion = 10.0.40219.1
Project("{8BC9CEB8-8B4A-11D0-8D11-00A0C91BC942}") = "DequeSTL", "DequeSTL.vcxproj", "{E71B53A8-85A1-4E4B-BA34-CB112D75580C}"
EndProject
Global
	GlobalSection(SolutionConfigurationPlatforms) = preSolution
		Debug|x64 = Debug|x64
		Debug|x86 = Debug|x86
		Release|x64 = Release|x64
		Release|x86 = Release|x86
	EndGlobalSection
	GlobalSection(ProjectConfigurationPlatforms) = postSolution
		{E71B53A8-85A1-4E4B-BA34-CB112D75580C}.Debug|x64.ActiveCfg = Debug|x64
		{E71B53A8-85A1-4E4B-BA34-CB112D75580C}.Debug|x64.Build.0 = Debug|x64
		{E71B53A8-85A1-4E4B-BA34-CB112D75580C}.Debug|x86.ActiveCfg = Debug|Win32
		{E71B53A8-85A1-4E4B-BA34-CB112D75580C}.Debug|x86.Build.0 = Debug|Win32
		{E71B53A8-85A1-4E4B-BA34-CB112D75580C}.Release|x64.ActiveCfg = Release|x64
		{E71B53A8-85A1-4E4B-BA34-CB112D75580C}.Release|x64.Build.0 = Release|x64
		{E71B53A8-85A1-4E4B-BA34-CB112D75580C}.Release|x86.ActiveCfg = Release|Win32
		{E71B53A8-85A1-4E4B-BA34-CB112D75580C}.Release|x86.Build.0 = Release|Win32
	EndGlobalSection
	GlobalSection(SolutionProperties) = preSolution
		HideSolutionNode = FALSE
	EndGlobalSection
	GlobalSection(ExtensibilityGlobals) = postSolution
		SolutionGuid = {CFB827B2-50DE-4FBB-9184-6C39956FE5BE}
	EndGlobalSection
EndGlobal
